
Microsoft Visual Studio Solution File, Format Version 12.00
# Visual Studio Version 17
VisualStudioVersion = 17.11.35219.272
MinimumVisualStudioVersion = 10.0.40219.1
Project("{9A19103F-16F7-4668-BE54-9A1E7A4F7556}") = "CleanArchitecture.Application", "CleanArchitecture.Application\CleanArchitecture.Application.csproj", "{D21F805D-09CD-4D65-AD77-569B40B852A7}"
EndProject
Project("{9A19103F-16F7-4668-BE54-9A1E7A4F7556}") = "CleanArchitecture.Domain", "CleanArchitecture.Domain\CleanArchitecture.Domain.csproj", "{8AC72E69-0802-4C0C-B2F4-CB8DFB2FB481}"
EndProject
Project("{9A19103F-16F7-4668-BE54-9A1E7A4F7556}") = "CleanArchitecture.Persistance", "CleanArchitecturPersistance\CleanArchitecture.Persistance.csproj", "{82FE7572-A576-476D-8D37-F51E4931B7F7}"
EndProject
Project("{9A19103F-16F7-4668-BE54-9A1E7A4F7556}") = "CleanArchitecture.WebAPI", "CleanArchitecture.WebAPI\CleanArchitecture.WebAPI.csproj", "{198D9823-2E4C-43C6-BD96-B66065007A47}"
EndProject
Project("{9A19103F-16F7-4668-BE54-9A1E7A4F7556}") = "CleanArchitecture.Infrastructure", "CleanArchitecture.Infrastructure\CleanArchitecture.Infrastructure.csproj", "{A4BE52D4-8F87-4436-9048-8AF5089AB92C}"
EndProject
Global
	GlobalSection(SolutionConfigurationPlatforms) = preSolution
		Debug|Any CPU = Debug|Any CPU
		Release|Any CPU = Release|Any CPU
	EndGlobalSection
	GlobalSection(ProjectConfigurationPlatforms) = postSolution
		{D21F805D-09CD-4D65-AD77-569B40B852A7}.Debug|Any CPU.ActiveCfg = Debug|Any CPU
		{D21F805D-09CD-4D65-AD77-569B40B852A7}.Debug|Any CPU.Build.0 = Debug|Any CPU
		{D21F805D-09CD-4D65-AD77-569B40B852A7}.Release|Any CPU.ActiveCfg = Release|Any CPU
		{D21F805D-09CD-4D65-AD77-569B40B852A7}.Release|Any CPU.Build.0 = Release|Any CPU
		{8AC72E69-0802-4C0C-B2F4-CB8DFB2FB481}.Debug|Any CPU.ActiveCfg = Debug|Any CPU
		{8AC72E69-0802-4C0C-B2F4-CB8DFB2FB481}.Debug|Any CPU.Build.0 = Debug|Any CPU
		{8AC72E69-0802-4C0C-B2F4-CB8DFB2FB481}.Release|Any CPU.ActiveCfg = Release|Any CPU
		{8AC72E69-0802-4C0C-B2F4-CB8DFB2FB481}.Release|Any CPU.Build.0 = Release|Any CPU
		{82FE7572-A576-476D-8D37-F51E4931B7F7}.Debug|Any CPU.ActiveCfg = Debug|Any CPU
		{82FE7572-A576-476D-8D37-F51E4931B7F7}.Debug|Any CPU.Build.0 = Debug|Any CPU
		{82FE7572-A576-476D-8D37-F51E4931B7F7}.Release|Any CPU.ActiveCfg = Release|Any CPU
		{82FE7572-A576-476D-8D37-F51E4931B7F7}.Release|Any CPU.Build.0 = Release|Any CPU
		{198D9823-2E4C-43C6-BD96-B66065007A47}.Debug|Any CPU.ActiveCfg = Debug|Any CPU
		{198D9823-2E4C-43C6-BD96-B66065007A47}.Debug|Any CPU.Build.0 = Debug|Any CPU
		{198D9823-2E4C-43C6-BD96-B66065007A47}.Release|Any CPU.ActiveCfg = Release|Any CPU
		{198D9823-2E4C-43C6-BD96-B66065007A47}.Release|Any CPU.Build.0 = Release|Any CPU
		{A4BE52D4-8F87-4436-9048-8AF5089AB92C}.Debug|Any CPU.ActiveCfg = Debug|Any CPU
		{A4BE52D4-8F87-4436-9048-8AF5089AB92C}.Debug|Any CPU.Build.0 = Debug|Any CPU
		{A4BE52D4-8F87-4436-9048-8AF5089AB92C}.Release|Any CPU.ActiveCfg = Release|Any CPU
		{A4BE52D4-8F87-4436-9048-8AF5089AB92C}.Release|Any CPU.Build.0 = Release|Any CPU
	EndGlobalSection
	GlobalSection(SolutionProperties) = preSolution
		HideSolutionNode = FALSE
	EndGlobalSection
	GlobalSection(ExtensibilityGlobals) = postSolution
		SolutionGuid = {2158BC30-EF75-405B-A3FD-37BFD03944B8}
	EndGlobalSection
EndGlobal
